
Microsoft Visual Studio Solution File, Format Version 12.00
# Visual Studio Version 17
VisualStudioVersion = 17.14.36511.14 d17.14
MinimumVisualStudioVersion = 10.0.40219.1
Project("{8BC9CEB8-8B4A-11D0-8D11-00A0C91BC942}") = "Practica1_Programacion2_SantiGonzalez_IvanMartinezRuiz", "Practica1_Programacion2_SantiGonzalez_IvanMartinezRuiz.vcxproj", "{177F4C4B-37E9-488F-8F30-E1B5DBA83775}"
EndProject
Global
	GlobalSection(SolutionConfigurationPlatforms) = preSolution
		Debug|x64 = Debug|x64
		Debug|x86 = Debug|x86
		Release|x64 = Release|x64
		Release|x86 = Release|x86
	EndGlobalSection
	GlobalSection(ProjectConfigurationPlatforms) = postSolution
		{177F4C4B-37E9-488F-8F30-E1B5DBA83775}.Debug|x64.ActiveCfg = Debug|x64
		{177F4C4B-37E9-488F-8F30-E1B5DBA83775}.Debug|x64.Build.0 = Debug|x64
		{177F4C4B-37E9-488F-8F30-E1B5DBA83775}.Debug|x86.ActiveCfg = Debug|Win32
		{177F4C4B-37E9-488F-8F30-E1B5DBA83775}.Debug|x86.Build.0 = Debug|Win32
		{177F4C4B-37E9-488F-8F30-E1B5DBA83775}.Release|x64.ActiveCfg = Release|x64
		{177F4C4B-37E9-488F-8F30-E1B5DBA83775}.Release|x64.Build.0 = Release|x64
		{177F4C4B-37E9-488F-8F30-E1B5DBA83775}.Release|x86.ActiveCfg = Release|Win32
		{177F4C4B-37E9-488F-8F30-E1B5DBA83775}.Release|x86.Build.0 = Release|Win32
	EndGlobalSection
	GlobalSection(SolutionProperties) = preSolution
		HideSolutionNode = FALSE
	EndGlobalSection
	GlobalSection(ExtensibilityGlobals) = postSolution
		SolutionGuid = {A4B6E46F-F9D0-4F07-BC84-4DA3C41EBFF0}
	EndGlobalSection
EndGlobal
